Microsoft Visual Studio Solution File, Format Version 12.00
# Visual Studio Version 17
VisualStudioVersion = 17.5.2.0
MinimumVisualStudioVersion = 10.0.40219.1
Project("{FAE04EC0-301F-11D3-BF4B-00C04F79EFBC}") = "notasEstudiantes", "notasEstudiantes.csproj", "{31C6F7B4-02BC-451C-FA6A-F1FB18CE7A10}"
EndProject
Global
	GlobalSection(SolutionConfigurationPlatforms) = preSolution
		Debug|Any CPU = Debug|Any CPU
		Release|Any CPU = Release|Any CPU
	EndGlobalSection
	GlobalSection(ProjectConfigurationPlatforms) = postSolution
		{31C6F7B4-02BC-451C-FA6A-F1FB18CE7A10}.Debug|Any CPU.ActiveCfg = Debug|Any CPU
		{31C6F7B4-02BC-451C-FA6A-F1FB18CE7A10}.Debug|Any CPU.Build.0 = Debug|Any CPU
		{31C6F7B4-02BC-451C-FA6A-F1FB18CE7A10}.Release|Any CPU.ActiveCfg = Release|Any CPU
		{31C6F7B4-02BC-451C-FA6A-F1FB18CE7A10}.Release|Any CPU.Build.0 = Release|Any CPU
	EndGlobalSection
	GlobalSection(SolutionProperties) = preSolution
		HideSolutionNode = FALSE
	EndGlobalSection
	GlobalSection(ExtensibilityGlobals) = postSolution
		SolutionGuid = {5A1393F5-FAE8-4B89-86B2-D4EC6B0E29E3}
	EndGlobalSection
EndGlobal
